name: Lock

on:
  schedule:
    - cron: "0 * * * *"
  workflow_dispatch:

permissions: {}

concurrency:
  group: ${{ github.workflow }}
  cancel-in-progress: true

jobs:
  lock:
    name: Lock inactive threads
    runs-on: ubuntu-latest
    permissions:
      issues: write
      pull-requests: write
    steps:
      - name: Lock closed issues and PRs
        uses: dessant/lock-threads@1bf7ec25051fe7c00bdd17e6a7cf3d7bfb7dc771 # v5.0.1
        with:
          github-token: ${{ secrets.GITHUB_TOKEN }}
          issue-inactive-days: 30
          pr-inactive-days: 1
          issue-lock-reason: "resolved"
