name: Lock

on:
  schedule:
    - cron: "0 * * * *"
  workflow_dispatch:

permissions: {}

concurrency:
  group: ${{ github.workflow }}
  cancel-in-progress: true

jobs:
  lock:
    name: Lock inactive threads
    runs-on: ubuntu-latest
    permissions:
      issues: write
      pull-requests: write
    steps:
      - name: Lock closed issues and PRs
        uses: dessant/lock-threads@7266a7ce5c1df01b1c6db85bf8cd86c737dadbe7 # v6.0.0
        with:
          github-token: ${{ secrets.GITHUB_TOKEN }}
          issue-inactive-days: 30
          pr-inactive-days: 1
          issue-lock-reason: "resolved"
